
Terraform used the selected providers to generate the following execution
plan. Resource actions are indicated with the following symbols:
  + create

Terraform will perform the following actions:

  # aws_iam_role_policy.lambda_s3_access will be created
  + resource "aws_iam_role_policy" "lambda_s3_access" {
      + id          = (known after apply)
      + name        = "lambda-s3-access"
      + name_prefix = (known after apply)
      + policy      = (known after apply)
      + role        = "lambda-exec-role"
    }

  # aws_s3_bucket.ingestion will be created
  + resource "aws_s3_bucket" "ingestion" {
      + acceleration_status         = (known after apply)
      + acl                         = (known after apply)
      + arn                         = (known after apply)
      + bucket                      = "maat-news-ingestion-bucket"
      + bucket_domain_name          = (known after apply)
      + bucket_prefix               = (known after apply)
      + bucket_region               = (known after apply)
      + bucket_regional_domain_name = (known after apply)
      + force_destroy               = false
      + hosted_zone_id              = (known after apply)
      + id                          = (known after apply)
      + object_lock_enabled         = (known after apply)
      + policy                      = (known after apply)
      + region                      = "eu-south-2"
      + request_payer               = (known after apply)
      + tags                        = {
          + "Env"     = "dev"
          + "Project" = "Maat News"
        }
      + tags_all                    = {
          + "Env"     = "dev"
          + "Project" = "Maat News"
        }
      + website_domain              = (known after apply)
      + website_endpoint            = (known after apply)

      + cors_rule (known after apply)

      + grant (known after apply)

      + lifecycle_rule (known after apply)

      + logging (known after apply)

      + object_lock_configuration (known after apply)

      + replication_configuration (known after apply)

      + server_side_encryption_configuration (known after apply)

      + versioning (known after apply)

      + website (known after apply)
    }

Plan: 2 to add, 0 to change, 0 to destroy.
